// !$*UTF8*$!
{
	archiveVersion = 1;
	classes = {
	};
	objectVersion = 46;
	objects = {

/* Begin PBXBuildFile section */
		D6B9E7CF1BE2CFC000ABB126 /* AppDelegate.swift in Sources */ = {isa = PBXBuildFile; fileRef = D6B9E7CE1BE2CFC000ABB126 /* AppDelegate.swift */; };
		D6B9E7D11BE2CFC000ABB126 /* ViewController.swift in Sources */ = {isa = PBXBuildFile; fileRef = D6B9E7D01BE2CFC000ABB126 /* ViewController.swift */; };
		D6B9E7D41BE2CFC000ABB126 /* Main.storyboard in Resources */ = {isa = PBXBuildFile; fileRef = D6B9E7D21BE2CFC000ABB126 /* Main.storyboard */; };
		D6B9E7D61BE2CFC000ABB126 /* Assets.xcassets in Resources */ = {isa = PBXBuildFile; fileRef = D6B9E7D51BE2CFC000ABB126 /* Assets.xcassets */; };
		D6B9E7D91BE2CFC000ABB126 /* LaunchScreen.storyboard in Resources */ = {isa = PBXBuildFile; fileRef = D6B9E7D71BE2CFC000ABB126 /* LaunchScreen.storyboard */; };
		D6B9E7E41BE2CFC000ABB126 /* acronymsTests.swift in Sources */ = {isa = PBXBuildFile; fileRef = D6B9E7E31BE2CFC000ABB126 /* acronymsTests.swift */; };
		D6B9E7EF1BE2CFC000ABB126 /* acronymsUITests.swift in Sources */ = {isa = PBXBuildFile; fileRef = D6B9E7EE1BE2CFC000ABB126 /* acronymsUITests.swift */; };
/* End PBXBuildFile section */

/* Begin PBXContainerItemProxy section */
		D6B9E7E01BE2CFC000ABB126 /* PBXContainerItemProxy */ = {
			isa = PBXContainerItemProxy;
			containerPortal = D6B9E7C31BE2CFC000ABB126 /* Project object */;
			proxyType = 1;
			remoteGlobalIDString = D6B9E7CA1BE2CFC000ABB126;
			remoteInfo = acronyms;
		};
		D6B9E7EB1BE2CFC000ABB126 /* PBXContainerItemProxy */ = {
			isa = PBXContainerItemProxy;
			containerPortal = D6B9E7C31BE2CFC000ABB126 /* Project object */;
			proxyType = 1;
			remoteGlobalIDString = D6B9E7CA1BE2CFC000ABB126;
			remoteInfo = acronyms;
		};
/* End PBXContainerItemProxy section */

/* Begin PBXFileReference section */
		D6B9E7CB1BE2CFC000ABB126 /* acronyms.app */ = {isa = PBXFileReference; explicitFileType = wrapper.application; includeInIndex = 0; path = acronyms.app; sourceTree = BUILT_PRODUCTS_DIR; };
		D6B9E7CE1BE2CFC000ABB126 /* AppDelegate.swift */ = {isa = PBXFileReference; lastKnownFileType = sourcecode.swift; path = AppDelegate.swift; sourceTree = "<group>"; };
		D6B9E7D01BE2CFC000ABB126 /* ViewController.swift */ = {isa = PBXFileReference; lastKnownFileType = sourcecode.swift; path = ViewController.swift; sourceTree = "<group>"; };
		D6B9E7D31BE2CFC000ABB126 /* Base */ = {isa = PBXFileReference; lastKnownFileType = file.storyboard; name = Base; path = Base.lproj/Main.storyboard; sourceTree = "<group>"; };
		D6B9E7D51BE2CFC000ABB126 /* Assets.xcassets */ = {isa = PBXFileReference; lastKnownFileType = folder.assetcatalog; path = Assets.xcassets; sourceTree = "<group>"; };
		D6B9E7D81BE2CFC000ABB126 /* Base */ = {isa = PBXFileReference; lastKnownFileType = file.storyboard; name = Base; path = Base.lproj/LaunchScreen.storyboard; sourceTree = "<group>"; };
		D6B9E7DA1BE2CFC000ABB126 /* Info.plist */ = {isa = PBXFileReference; lastKnownFileType = text.plist.xml; path = Info.plist; sourceTree = "<group>"; };
		D6B9E7DF1BE2CFC000ABB126 /* acronymsTests.xctest */ = {isa = PBXFileReference; explicitFileType = wrapper.cfbundle; includeInIndex = 0; path = acronymsTests.xctest; sourceTree = BUILT_PRODUCTS_DIR; };
		D6B9E7E31BE2CFC000ABB126 /* acronymsTests.swift */ = {isa = PBXFileReference; lastKnownFileType = sourcecode.swift; path = acronymsTests.swift; sourceTree = "<group>"; };
		D6B9E7E51BE2CFC000ABB126 /* Info.plist */ = {isa = PBXFileReference; lastKnownFileType = text.plist.xml; path = Info.plist; sourceTree = "<group>"; };
		D6B9E7EA1BE2CFC000ABB126 /* acronymsUITests.xctest */ = {isa = PBXFileReference; explicitFileType = wrapper.cfbundle; includeInIndex = 0; path = acronymsUITests.xctest; sourceTree = BUILT_PRODUCTS_DIR; };
		D6B9E7EE1BE2CFC000ABB126 /* acronymsUITests.swift */ = {isa = PBXFileReference; lastKnownFileType = sourcecode.swift; path = acronymsUITests.swift; sourceTree = "<group>"; };
		D6B9E7F01BE2CFC100ABB126 /* Info.plist */ = {isa = PBXFileReference; lastKnownFileType = text.plist.xml; path = Info.plist; sourceTree = "<group>"; };
/* End PBXFileReference section */

/* Begin PBXFrameworksBuildPhase section */
		D6B9E7C81BE2CFC000ABB126 /* Frameworks */ = {
			isa = PBXFrameworksBuildPhase;
			buildActionMask = 2147483647;
			files = (
			);
			runOnlyForDeploymentPostprocessing = 0;
		};
		D6B9E7DC1BE2CFC000ABB126 /* Frameworks */ = {
			isa = PBXFrameworksBuildPhase;
			buildActionMask = 2147483647;
			files = (
			);
			runOnlyForDeploymentPostprocessing = 0;
		};
		D6B9E7E71BE2CFC000ABB126 /* Frameworks */ = {
			isa = PBXFrameworksBuildPhase;
			buildActionMask = 2147483647;
			files = (
			);
			runOnlyForDeploymentPostprocessing = 0;
		};
/* End PBXFrameworksBuildPhase section */

/* Begin PBXGroup section */
		D6B9E7C21BE2CFC000ABB126 = {
			isa = PBXGroup;
			children = (
				D6B9E7CD1BE2CFC000ABB126 /* acronyms */,
				D6B9E7E21BE2CFC000ABB126 /* acronymsTests */,
				D6B9E7ED1BE2CFC000ABB126 /* acronymsUITests */,
				D6B9E7CC1BE2CFC000ABB126 /* Products */,
			);
			sourceTree = "<group>";
		};
		D6B9E7CC1BE2CFC000ABB126 /* Products */ = {
			isa = PBXGroup;
			children = (
				D6B9E7CB1BE2CFC000ABB126 /* acronyms.app */,
				D6B9E7DF1BE2CFC000ABB126 /* acronymsTests.xctest */,
				D6B9E7EA1BE2CFC000ABB126 /* acronymsUITests.xctest */,
			);
			name = Products;
			sourceTree = "<group>";
		};
		D6B9E7CD1BE2CFC000ABB126 /* acronyms */ = {
			isa = PBXGroup;
			children = (
				D6B9E7CE1BE2CFC000ABB126 /* AppDelegate.swift */,
				D6B9E7D01BE2CFC000ABB126 /* ViewController.swift */,
				D6B9E7D21BE2CFC000ABB126 /* Main.storyboard */,
				D6B9E7D51BE2CFC000ABB126 /* Assets.xcassets */,
				D6B9E7D71BE2CFC000ABB126 /* LaunchScreen.storyboard */,
				D6B9E7DA1BE2CFC000ABB126 /* Info.plist */,
			);
			path = acronyms;
			sourceTree = "<group>";
		};
		D6B9E7E21BE2CFC000ABB126 /* acronymsTests */ = {
			isa = PBXGroup;
			children = (
				D6B9E7E31BE2CFC000ABB126 /* acronymsTests.swift */,
				D6B9E7E51BE2CFC000ABB126 /* Info.plist */,
			);
			path = acronymsTests;
			sourceTree = "<group>";
		};
		D6B9E7ED1BE2CFC000ABB126 /* acronymsUITests */ = {
			isa = PBXGroup;
			children = (
				D6B9E7EE1BE2CFC000ABB126 /* acronymsUITests.swift */,
				D6B9E7F01BE2CFC100ABB126 /* Info.plist */,
			);
			path = acronymsUITests;
			sourceTree = "<group>";
		};
/* End PBXGroup section */

/* Begin PBXNativeTarget section */
		D6B9E7CA1BE2CFC000ABB126 /* acronyms */ = {
			isa = PBXNativeTarget;
			buildConfigurationList = D6B9E7F31BE2CFC100ABB126 /* Build configuration list for PBXNativeTarget "acronyms" */;
			buildPhases = (
				D6B9E7C71BE2CFC000ABB126 /* Sources */,
				D6B9E7C81BE2CFC000ABB126 /* Frameworks */,
				D6B9E7C91BE2CFC000ABB126 /* Resources */,
			);
			buildRules = (
			);
			dependencies = (
			);
			name = acronyms;
			productName = acronyms;
			productReference = D6B9E7CB1BE2CFC000ABB126 /* acronyms.app */;
			productType = "com.apple.product-type.application";
		};
		D6B9E7DE1BE2CFC000ABB126 /* acronymsTests */ = {
			isa = PBXNativeTarget;
			buildConfigurationList = D6B9E7F61BE2CFC100ABB126 /* Build configuration list for PBXNativeTarget "acronymsTests" */;
			buildPhases = (
				D6B9E7DB1BE2CFC000ABB126 /* Sources */,
				D6B9E7DC1BE2CFC000ABB126 /* Frameworks */,
				D6B9E7DD1BE2CFC000ABB126 /* Resources */,
			);
			buildRules = (
			);
			dependencies = (
				D6B9E7E11BE2CFC000ABB126 /* PBXTargetDependency */,
			);
			name = acronymsTests;
			productName = acronymsTests;
			productReference = D6B9E7DF1BE2CFC000ABB126 /* acronymsTests.xctest */;
			productType = "com.apple.product-type.bundle.unit-test";
		};
		D6B9E7E91BE2CFC000ABB126 /* acronymsUITests */ = {
			isa = PBXNativeTarget;
			buildConfigurationList = D6B9E7F91BE2CFC100ABB126 /* Build configuration list for PBXNativeTarget "acronymsUITests" */;
			buildPhases = (
				D6B9E7E61BE2CFC000ABB126 /* Sources */,
				D6B9E7E71BE2CFC000ABB126 /* Frameworks */,
				D6B9E7E81BE2CFC000ABB126 /* Resources */,
			);
			buildRules = (
			);
			dependencies = (
				D6B9E7EC1BE2CFC000ABB126 /* PBXTargetDependency */,
			);
			name = acronymsUITests;
			productName = acronymsUITests;
			productReference = D6B9E7EA1BE2CFC000ABB126 /* acronymsUITests.xctest */;
			productType = "com.apple.product-type.bundle.ui-testing";
		};
/* End PBXNativeTarget section */

/* Begin PBXProject section */
		D6B9E7C31BE2CFC000ABB126 /* Project object */ = {
			isa = PBXProject;
			attributes = {
				LastSwiftUpdateCheck = 0710;
				LastUpgradeCheck = 0710;
				ORGANIZATIONNAME = "Haihong Wang";
				TargetAttributes = {
					D6B9E7CA1BE2CFC000ABB126 = {
						CreatedOnToolsVersion = 7.1;
					};
					D6B9E7DE1BE2CFC000ABB126 = {
						CreatedOnToolsVersion = 7.1;
						TestTargetID = D6B9E7CA1BE2CFC000ABB126;
					};
					D6B9E7E91BE2CFC000ABB126 = {
						CreatedOnToolsVersion = 7.1;
						TestTargetID = D6B9E7CA1BE2CFC000ABB126;
					};
				};
			};
			buildConfigurationList = D6B9E7C61BE2CFC000ABB126 /* Build configuration list for PBXProject "acronyms" */;
			compatibilityVersion = "Xcode 3.2";
			developmentRegion = English;
			hasScannedForEncodings = 0;
			knownRegions = (
				en,
				Base,
			);
			mainGroup = D6B9E7C21BE2CFC000ABB126;
			productRefGroup = D6B9E7CC1BE2CFC000ABB126 /* Products */;
			projectDirPath = "";
			projectRoot = "";
			targets = (
				D6B9E7CA1BE2CFC000ABB126 /* acronyms */,
				D6B9E7DE1BE2CFC000ABB126 /* acronymsTests */,
				D6B9E7E91BE2CFC000ABB126 /* acronymsUITests */,
			);
		};
/* End PBXProject section */

/* Begin PBXResourcesBuildPhase section */
		D6B9E7C91BE2CFC000ABB126 /* Resources */ = {
			isa = PBXResourcesBuildPhase;
			buildActionMask = 2147483647;
			files = (
				D6B9E7D91BE2CFC000ABB126 /* LaunchScreen.storyboard in Resources */,
				D6B9E7D61BE2CFC000ABB126 /* Assets.xcassets in Resources */,
				D6B9E7D41BE2CFC000ABB126 /* Main.storyboard in Resources */,
			);
			runOnlyForDeploymentPostprocessing = 0;
		};
		D6B9E7DD1BE2CFC000ABB126 /* Resources */ = {
			isa = PBXResourcesBuildPhase;
			buildActionMask = 2147483647;
			files = (
			);
			runOnlyForDeploymentPostprocessing = 0;
		};
		D6B9E7E81BE2CFC000ABB126 /* Resources */ = {
			isa = PBXResourcesBuildPhase;
			buildActionMask = 2147483647;
			files = (
			);
			runOnlyForDeploymentPostprocessing = 0;
		};
/* End PBXResourcesBuildPhase section */

/* Begin PBXSourcesBuildPhase section */
		D6B9E7C71BE2CFC000ABB126 /* Sources */ = {
			isa = PBXSourcesBuildPhase;
			buildActionMask = 2147483647;
			files = (
				D6B9E7D11BE2CFC000ABB126 /* ViewController.swift in Sources */,
				D6B9E7CF1BE2CFC000ABB126 /* AppDelegate.swift in Sources */,
			);
			runOnlyForDeploymentPostprocessing = 0;
		};
		D6B9E7DB1BE2CFC000ABB126 /* Sources */ = {
			isa = PBXSourcesBuildPhase;
			buildActionMask = 2147483647;
			files = (
				D6B9E7E41BE2CFC000ABB126 /* acronymsTests.swift in Sources */,
			);
			runOnlyForDeploymentPostprocessing = 0;
		};
		D6B9E7E61BE2CFC000ABB126 /* Sources */ = {
			isa = PBXSourcesBuildPhase;
			buildActionMask = 2147483647;
			files = (
				D6B9E7EF1BE2CFC000ABB126 /* acronymsUITests.swift in Sources */,
			);
			runOnlyForDeploymentPostprocessing = 0;
		};
/* End PBXSourcesBuildPhase section */

/* Begin PBXTargetDependency section */
		D6B9E7E11BE2CFC000ABB126 /* PBXTargetDependency */ = {
			isa = PBXTargetDependency;
			target = D6B9E7CA1BE2CFC000ABB126 /* acronyms */;
			targetProxy = D6B9E7E01BE2CFC000ABB126 /* PBXContainerItemProxy */;
		};
		D6B9E7EC1BE2CFC000ABB126 /* PBXTargetDependency */ = {
			isa = PBXTargetDependency;
			target = D6B9E7CA1BE2CFC000ABB126 /* acronyms */;
			targetProxy = D6B9E7EB1BE2CFC000ABB126 /* PBXContainerItemProxy */;
		};
/* End PBXTargetDependency section */

/* Begin PBXVariantGroup section */
		D6B9E7D21BE2CFC000ABB126 /* Main.storyboard */ = {
			isa = PBXVariantGroup;
			children = (
				D6B9E7D31BE2CFC000ABB126 /* Base */,
			);
			name = Main.storyboard;
			sourceTree = "<group>";
		};
		D6B9E7D71BE2CFC000ABB126 /* LaunchScreen.storyboard */ = {
			isa = PBXVariantGroup;
			children = (
				D6B9E7D81BE2CFC000ABB126 /* Base */,
			);
			name = LaunchScreen.storyboard;
			sourceTree = "<group>";
		};
/* End PBXVariantGroup section */

/* Begin XCBuildConfiguration section */
		D6B9E7F11BE2CFC100ABB126 /* Debug */ = {
			isa = XCBuildConfiguration;
			buildSettings = {
				ALWAYS_SEARCH_USER_PATHS = NO;
				CLANG_CXX_LANGUAGE_STANDARD = "gnu++0x";
				CLANG_CXX_LIBRARY = "libc++";
				CLANG_ENABLE_MODULES = YES;
				CLANG_ENABLE_OBJC_ARC = YES;
				CLANG_WARN_BOOL_CONVERSION = YES;
				CLANG_WARN_CONSTANT_CONVERSION = YES;
				CLANG_WARN_DIRECT_OBJC_ISA_USAGE = YES_ERROR;
				CLANG_WARN_EMPTY_BODY = YES;
				CLANG_WARN_ENUM_CONVERSION = YES;
				CLANG_WARN_INT_CONVERSION = YES;
				CLANG_WARN_OBJC_ROOT_CLASS = YES_ERROR;
				CLANG_WARN_UNREACHABLE_CODE = YES;
				CLANG_WARN__DUPLICATE_METHOD_MATCH = YES;
				"CODE_SIGN_IDENTITY[sdk=iphoneos*]" = "iPhone Developer";
				COPY_PHASE_STRIP = NO;
				DEBUG_INFORMATION_FORMAT = dwarf;
				ENABLE_STRICT_OBJC_MSGSEND = YES;
				ENABLE_TESTABILITY = YES;
				GCC_C_LANGUAGE_STANDARD = gnu99;
				GCC_DYNAMIC_NO_PIC = NO;
				GCC_NO_COMMON_BLOCKS = YES;
				GCC_OPTIMIZATION_LEVEL = 0;
				GCC_PREPROCESSOR_DEFINITIONS = (
					"DEBUG=1",
					"$(inherited)",
				);
				GCC_WARN_64_TO_32_BIT_CONVERSION = YES;
				GCC_WARN_ABOUT_RETURN_TYPE = YES_ERROR;
				GCC_WARN_UNDECLARED_SELECTOR = YES;
				GCC_WARN_UNINITIALIZED_AUTOS = YES_AGGRESSIVE;
				GCC_WARN_UNUSED_FUNCTION = YES;
				GCC_WARN_UNUSED_VARIABLE = YES;
				IPHONEOS_DEPLOYMENT_TARGET = 9.1;
				MTL_ENABLE_DEBUG_INFO = YES;
				ONLY_ACTIVE_ARCH = YES;
				SDKROOT = iphoneos;
				SWIFT_OPTIMIZATION_LEVEL = "-Onone";
			};
			name = Debug;
		};
		D6B9E7F21BE2CFC100ABB126 /* Release */ = {
			isa = XCBuildConfiguration;
			buildSettings = {
				ALWAYS_SEARCH_USER_PATHS = NO;
				CLANG_CXX_LANGUAGE_STANDARD = "gnu++0x";
				CLANG_CXX_LIBRARY = "libc++";
				CLANG_ENABLE_MODULES = YES;
				CLANG_ENABLE_OBJC_ARC = YES;
				CLANG_WARN_BOOL_CONVERSION = YES;
				CLANG_WARN_CONSTANT_CONVERSION = YES;
				CLANG_WARN_DIRECT_OBJC_ISA_USAGE = YES_ERROR;
				CLANG_WARN_EMPTY_BODY = YES;
				CLANG_WARN_ENUM_CONVERSION = YES;
				CLANG_WARN_INT_CONVERSION = YES;
				CLANG_WARN_OBJC_ROOT_CLASS = YES_ERROR;
				CLANG_WARN_UNREACHABLE_CODE = YES;
				CLANG_WARN__DUPLICATE_METHOD_MATCH = YES;
				"CODE_SIGN_IDENTITY[sdk=iphoneos*]" = "iPhone Developer";
				COPY_PHASE_STRIP = NO;
				DEBUG_INFORMATION_FORMAT = "dwarf-with-dsym";
				ENABLE_NS_ASSERTIONS = NO;
				ENABLE_STRICT_OBJC_MSGSEND = YES;
				GCC_C_LANGUAGE_STANDARD = gnu99;
				GCC_NO_COMMON_BLOCKS = YES;
				GCC_WARN_64_TO_32_BIT_CONVERSION = YES;
				GCC_WARN_ABOUT_RETURN_TYPE = YES_ERROR;
				GCC_WARN_UNDECLARED_SELECTOR = YES;
				GCC_WARN_UNINITIALIZED_AUTOS = YES_AGGRESSIVE;
				GCC_WARN_UNUSED_FUNCTION = YES;
				GCC_WARN_UNUSED_VARIABLE = YES;
				IPHONEOS_DEPLOYMENT_TARGET = 9.1;
				MTL_ENABLE_DEBUG_INFO = NO;
				SDKROOT = iphoneos;
				VALIDATE_PRODUCT = YES;
			};
			name = Release;
		};
		D6B9E7F41BE2CFC100ABB126 /* Debug */ = {
			isa = XCBuildConfiguration;
			buildSettings = {
				ASSETCATALOG_COMPILER_APPICON_NAME = AppIcon;
				INFOPLIST_FILE = acronyms/Info.plist;
				LD_RUNPATH_SEARCH_PATHS = "$(inherited) @executable_path/Frameworks";
				PRODUCT_BUNDLE_IDENTIFIER = haihong.acronyms;
				PRODUCT_NAME = "$(TARGET_NAME)";
			};
			name = Debug;
		};
		D6B9E7F51BE2CFC100ABB126 /* Release */ = {
			isa = XCBuildConfiguration;
			buildSettings = {
				ASSETCATALOG_COMPILER_APPICON_NAME = AppIcon;
				INFOPLIST_FILE = acronyms/Info.plist;
				LD_RUNPATH_SEARCH_PATHS = "$(inherited) @executable_path/Frameworks";
				PRODUCT_BUNDLE_IDENTIFIER = haihong.acronyms;
				PRODUCT_NAME = "$(TARGET_NAME)";
			};
			name = Release;
		};
		D6B9E7F71BE2CFC100ABB126 /* Debug */ = {
			isa = XCBuildConfiguration;
			buildSettings = {
				BUNDLE_LOADER = "$(TEST_HOST)";
				INFOPLIST_FILE = acronymsTests/Info.plist;
				LD_RUNPATH_SEARCH_PATHS = "$(inherited) @executable_path/Frameworks @loader_path/Frameworks";
				PRODUCT_BUNDLE_IDENTIFIER = haihong.acronymsTests;
				PRODUCT_NAME = "$(TARGET_NAME)";
				TEST_HOST = "$(BUILT_PRODUCTS_DIR)/acronyms.app/acronyms";
			};
			name = Debug;
		};
		D6B9E7F81BE2CFC100ABB126 /* Release */ = {
			isa = XCBuildConfiguration;
			buildSettings = {
				BUNDLE_LOADER = "$(TEST_HOST)";
				INFOPLIST_FILE = acronymsTests/Info.plist;
				LD_RUNPATH_SEARCH_PATHS = "$(inherited) @executable_path/Frameworks @loader_path/Frameworks";
				PRODUCT_BUNDLE_IDENTIFIER = haihong.acronymsTests;
				PRODUCT_NAME = "$(TARGET_NAME)";
				TEST_HOST = "$(BUILT_PRODUCTS_DIR)/acronyms.app/acronyms";
			};
			name = Release;
		};
		D6B9E7FA1BE2CFC100ABB126 /* Debug */ = {
			isa = XCBuildConfiguration;
			buildSettings = {
				INFOPLIST_FILE = acronymsUITests/Info.plist;
				LD_RUNPATH_SEARCH_PATHS = "$(inherited) @executable_path/Frameworks @loader_path/Frameworks";
				PRODUCT_BUNDLE_IDENTIFIER = haihong.acronymsUITests;
				PRODUCT_NAME = "$(TARGET_NAME)";
				TEST_TARGET_NAME = acronyms;
				USES_XCTRUNNER = YES;
			};
			name = Debug;
		};
		D6B9E7FB1BE2CFC100ABB126 /* Release */ = {
			isa = XCBuildConfiguration;
			buildSettings = {
				INFOPLIST_FILE = acronymsUITests/Info.plist;
				LD_RUNPATH_SEARCH_PATHS = "$(inherited) @executable_path/Frameworks @loader_path/Frameworks";
				PRODUCT_BUNDLE_IDENTIFIER = haihong.acronymsUITests;
				PRODUCT_NAME = "$(TARGET_NAME)";
				TEST_TARGET_NAME = acronyms;
				USES_XCTRUNNER = YES;
			};
			name = Release;
		};
/* End XCBuildConfiguration section */

/* Begin XCConfigurationList section */
		D6B9E7C61BE2CFC000ABB126 /* Build configuration list for PBXProject "acronyms" */ = {
			isa = XCConfigurationList;
			buildConfigurations = (
				D6B9E7F11BE2CFC100ABB126 /* Debug */,
				D6B9E7F21BE2CFC100ABB126 /* Release */,
			);
			defaultConfigurationIsVisible = 0;
			defaultConfigurationName = Release;
		};
		D6B9E7F31BE2CFC100ABB126 /* Build configuration list for PBXNativeTarget "acronyms" */ = {
			isa = XCConfigurationList;
			buildConfigurations = (
				D6B9E7F41BE2CFC100ABB126 /* Debug */,
				D6B9E7F51BE2CFC100ABB126 /* Release */,
			);
			defaultConfigurationIsVisible = 0;
		};
		D6B9E7F61BE2CFC100ABB126 /* Build configuration list for PBXNativeTarget "acronymsTests" */ = {
			isa = XCConfigurationList;
			buildConfigurations = (
				D6B9E7F71BE2CFC100ABB126 /* Debug */,
				D6B9E7F81BE2CFC100ABB126 /* Release */,
			);
			defaultConfigurationIsVisible = 0;
		};
		D6B9E7F91BE2CFC100ABB126 /* Build configuration list for PBXNativeTarget "acronymsUITests" */ = {
			isa = XCConfigurationList;
			buildConfigurations = (
				D6B9E7FA1BE2CFC100ABB126 /* Debug */,
				D6B9E7FB1BE2CFC100ABB126 /* Release */,
			);
			defaultConfigurationIsVisible = 0;
		};
/* End XCConfigurationList section */
	};
	rootObject = D6B9E7C31BE2CFC000ABB126 /* Project object */;
}
